
Microsoft Visual Studio Solution File, Format Version 12.00
# Visual Studio Version 17
VisualStudioVersion = 17.9.34728.123
MinimumVisualStudioVersion = 10.0.40219.1
Project("{2150E333-8FDC-42A3-9474-1A3956D46DE8}") = "CMakePredefinedTargets", "CMakePredefinedTargets", "{B3FEDF7F-7244-3FCD-BE34-29B775E612D0}"
EndProject
Project("{2150E333-8FDC-42A3-9474-1A3956D46DE8}") = "GLFW3", "GLFW3", "{22A27F2E-1EE2-356A-9E11-76B61B85350C}"
EndProject
Project("{8BC9CEB8-8B4A-11D0-8D11-00A0C91BC942}") = "ALL_BUILD", "ALL_BUILD.vcxproj", "{0A53EED6-1C2B-3EE8-B2C0-F0A20E519E82}"
	ProjectSection(ProjectDependencies) = postProject
		{2DD19681-890B-3E55-96B3-151C1A891650} = {2DD19681-890B-3E55-96B3-151C1A891650}
		{823BC7B7-1D29-3004-9B1C-5214C3116F28} = {823BC7B7-1D29-3004-9B1C-5214C3116F28}
		{38604CDD-84FD-3CB4-AFC0-87CAAD62C90B} = {38604CDD-84FD-3CB4-AFC0-87CAAD62C90B}
		{C31AACCA-F33A-3997-8594-C27BF19C74FD} = {C31AACCA-F33A-3997-8594-C27BF19C74FD}
		{AC6884AA-D4B7-3C7E-991C-579627E4633C} = {AC6884AA-D4B7-3C7E-991C-579627E4633C}
		{E1D3EC2F-B635-3172-9D94-9DFF5D9A12B7} = {E1D3EC2F-B635-3172-9D94-9DFF5D9A12B7}
		{B279BB7F-6048-3A12-81B5-3F030EDE52E8} = {B279BB7F-6048-3A12-81B5-3F030EDE52E8}
	EndProjectSection
EndProject
Project("{8BC9CEB8-8B4A-11D0-8D11-00A0C91BC942}") = "FLGL", "fluid-solver-toy\lib\flgl\FLGL.vcxproj", "{2DD19681-890B-3E55-96B3-151C1A891650}"
	ProjectSection(ProjectDependencies) = postProject
		{823BC7B7-1D29-3004-9B1C-5214C3116F28} = {823BC7B7-1D29-3004-9B1C-5214C3116F28}
		{38604CDD-84FD-3CB4-AFC0-87CAAD62C90B} = {38604CDD-84FD-3CB4-AFC0-87CAAD62C90B}
		{E1D3EC2F-B635-3172-9D94-9DFF5D9A12B7} = {E1D3EC2F-B635-3172-9D94-9DFF5D9A12B7}
	EndProjectSection
EndProject
Project("{8BC9CEB8-8B4A-11D0-8D11-00A0C91BC942}") = "GLAD", "fluid-solver-toy\lib\flgl\GLAD.vcxproj", "{823BC7B7-1D29-3004-9B1C-5214C3116F28}"
	ProjectSection(ProjectDependencies) = postProject
		{38604CDD-84FD-3CB4-AFC0-87CAAD62C90B} = {38604CDD-84FD-3CB4-AFC0-87CAAD62C90B}
	EndProjectSection
EndProject
Project("{8BC9CEB8-8B4A-11D0-8D11-00A0C91BC942}") = "INSTALL", "INSTALL.vcxproj", "{763BF515-E8F0-3163-B301-3F23A41D9954}"
	ProjectSection(ProjectDependencies) = postProject
		{0A53EED6-1C2B-3EE8-B2C0-F0A20E519E82} = {0A53EED6-1C2B-3EE8-B2C0-F0A20E519E82}
		{38604CDD-84FD-3CB4-AFC0-87CAAD62C90B} = {38604CDD-84FD-3CB4-AFC0-87CAAD62C90B}
	EndProjectSection
EndProject
Project("{8BC9CEB8-8B4A-11D0-8D11-00A0C91BC942}") = "ZERO_CHECK", "ZERO_CHECK.vcxproj", "{38604CDD-84FD-3CB4-AFC0-87CAAD62C90B}"
EndProject
Project("{8BC9CEB8-8B4A-11D0-8D11-00A0C91BC942}") = "docs", "fluid-solver-toy\lib\flgl\lib\glfw\docs\docs.vcxproj", "{C31AACCA-F33A-3997-8594-C27BF19C74FD}"
	ProjectSection(ProjectDependencies) = postProject
		{38604CDD-84FD-3CB4-AFC0-87CAAD62C90B} = {38604CDD-84FD-3CB4-AFC0-87CAAD62C90B}
	EndProjectSection
EndProject
Project("{8BC9CEB8-8B4A-11D0-8D11-00A0C91BC942}") = "fftw3", "fluid-solver-toy\lib\fftw\fftw3.vcxproj", "{AC6884AA-D4B7-3C7E-991C-579627E4633C}"
	ProjectSection(ProjectDependencies) = postProject
		{38604CDD-84FD-3CB4-AFC0-87CAAD62C90B} = {38604CDD-84FD-3CB4-AFC0-87CAAD62C90B}
	EndProjectSection
EndProject
Project("{8BC9CEB8-8B4A-11D0-8D11-00A0C91BC942}") = "glfw", "fluid-solver-toy\lib\flgl\lib\glfw\src\glfw.vcxproj", "{E1D3EC2F-B635-3172-9D94-9DFF5D9A12B7}"
	ProjectSection(ProjectDependencies) = postProject
		{38604CDD-84FD-3CB4-AFC0-87CAAD62C90B} = {38604CDD-84FD-3CB4-AFC0-87CAAD62C90B}
	EndProjectSection
EndProject
Project("{8BC9CEB8-8B4A-11D0-8D11-00A0C91BC942}") = "termproj", "termproj.vcxproj", "{B279BB7F-6048-3A12-81B5-3F030EDE52E8}"
	ProjectSection(ProjectDependencies) = postProject
		{2DD19681-890B-3E55-96B3-151C1A891650} = {2DD19681-890B-3E55-96B3-151C1A891650}
		{823BC7B7-1D29-3004-9B1C-5214C3116F28} = {823BC7B7-1D29-3004-9B1C-5214C3116F28}
		{38604CDD-84FD-3CB4-AFC0-87CAAD62C90B} = {38604CDD-84FD-3CB4-AFC0-87CAAD62C90B}
		{AC6884AA-D4B7-3C7E-991C-579627E4633C} = {AC6884AA-D4B7-3C7E-991C-579627E4633C}
		{E1D3EC2F-B635-3172-9D94-9DFF5D9A12B7} = {E1D3EC2F-B635-3172-9D94-9DFF5D9A12B7}
	EndProjectSection
EndProject
Project("{8BC9CEB8-8B4A-11D0-8D11-00A0C91BC942}") = "uninstall", "fluid-solver-toy\lib\flgl\lib\glfw\uninstall.vcxproj", "{B09D53E7-72E4-367E-A83C-A0C965627CC7}"
	ProjectSection(ProjectDependencies) = postProject
		{38604CDD-84FD-3CB4-AFC0-87CAAD62C90B} = {38604CDD-84FD-3CB4-AFC0-87CAAD62C90B}
	EndProjectSection
EndProject
Project("{8BC9CEB8-8B4A-11D0-8D11-00A0C91BC942}") = "update_mappings", "fluid-solver-toy\lib\flgl\lib\glfw\src\update_mappings.vcxproj", "{F47DE85C-12DF-3045-82B4-E367E3044276}"
	ProjectSection(ProjectDependencies) = postProject
		{38604CDD-84FD-3CB4-AFC0-87CAAD62C90B} = {38604CDD-84FD-3CB4-AFC0-87CAAD62C90B}
	EndProjectSection
EndProject
Global
	GlobalSection(SolutionConfigurationPlatforms) = preSolution
		Debug|x64 = Debug|x64
		MinSizeRel|x64 = MinSizeRel|x64
		Release|x64 = Release|x64
		RelWithDebInfo|x64 = RelWithDebInfo|x64
	EndGlobalSection
	GlobalSection(ProjectConfigurationPlatforms) = postSolution
		{0A53EED6-1C2B-3EE8-B2C0-F0A20E519E82}.Debug|x64.ActiveCfg = Debug|x64
		{0A53EED6-1C2B-3EE8-B2C0-F0A20E519E82}.Debug|x64.Build.0 = Debug|x64
		{0A53EED6-1C2B-3EE8-B2C0-F0A20E519E82}.MinSizeRel|x64.ActiveCfg = MinSizeRel|x64
		{0A53EED6-1C2B-3EE8-B2C0-F0A20E519E82}.MinSizeRel|x64.Build.0 = MinSizeRel|x64
		{0A53EED6-1C2B-3EE8-B2C0-F0A20E519E82}.Release|x64.ActiveCfg = Release|x64
		{0A53EED6-1C2B-3EE8-B2C0-F0A20E519E82}.Release|x64.Build.0 = Release|x64
		{0A53EED6-1C2B-3EE8-B2C0-F0A20E519E82}.RelWithDebInfo|x64.ActiveCfg = RelWithDebInfo|x64
		{0A53EED6-1C2B-3EE8-B2C0-F0A20E519E82}.RelWithDebInfo|x64.Build.0 = RelWithDebInfo|x64
		{2DD19681-890B-3E55-96B3-151C1A891650}.Debug|x64.ActiveCfg = Debug|x64
		{2DD19681-890B-3E55-96B3-151C1A891650}.Debug|x64.Build.0 = Debug|x64
		{2DD19681-890B-3E55-96B3-151C1A891650}.MinSizeRel|x64.ActiveCfg = MinSizeRel|x64
		{2DD19681-890B-3E55-96B3-151C1A891650}.MinSizeRel|x64.Build.0 = MinSizeRel|x64
		{2DD19681-890B-3E55-96B3-151C1A891650}.Release|x64.ActiveCfg = Release|x64
		{2DD19681-890B-3E55-96B3-151C1A891650}.Release|x64.Build.0 = Release|x64
		{2DD19681-890B-3E55-96B3-151C1A891650}.RelWithDebInfo|x64.ActiveCfg = RelWithDebInfo|x64
		{2DD19681-890B-3E55-96B3-151C1A891650}.RelWithDebInfo|x64.Build.0 = RelWithDebInfo|x64
		{823BC7B7-1D29-3004-9B1C-5214C3116F28}.Debug|x64.ActiveCfg = Debug|x64
		{823BC7B7-1D29-3004-9B1C-5214C3116F28}.Debug|x64.Build.0 = Debug|x64
		{823BC7B7-1D29-3004-9B1C-5214C3116F28}.MinSizeRel|x64.ActiveCfg = MinSizeRel|x64
		{823BC7B7-1D29-3004-9B1C-5214C3116F28}.MinSizeRel|x64.Build.0 = MinSizeRel|x64
		{823BC7B7-1D29-3004-9B1C-5214C3116F28}.Release|x64.ActiveCfg = Release|x64
		{823BC7B7-1D29-3004-9B1C-5214C3116F28}.Release|x64.Build.0 = Release|x64
		{823BC7B7-1D29-3004-9B1C-5214C3116F28}.RelWithDebInfo|x64.ActiveCfg = RelWithDebInfo|x64
		{823BC7B7-1D29-3004-9B1C-5214C3116F28}.RelWithDebInfo|x64.Build.0 = RelWithDebInfo|x64
		{763BF515-E8F0-3163-B301-3F23A41D9954}.Debug|x64.ActiveCfg = Debug|x64
		{763BF515-E8F0-3163-B301-3F23A41D9954}.MinSizeRel|x64.ActiveCfg = MinSizeRel|x64
		{763BF515-E8F0-3163-B301-3F23A41D9954}.Release|x64.ActiveCfg = Release|x64
		{763BF515-E8F0-3163-B301-3F23A41D9954}.RelWithDebInfo|x64.ActiveCfg = RelWithDebInfo|x64
		{38604CDD-84FD-3CB4-AFC0-87CAAD62C90B}.Debug|x64.ActiveCfg = Debug|x64
		{38604CDD-84FD-3CB4-AFC0-87CAAD62C90B}.Debug|x64.Build.0 = Debug|x64
		{38604CDD-84FD-3CB4-AFC0-87CAAD62C90B}.MinSizeRel|x64.ActiveCfg = MinSizeRel|x64
		{38604CDD-84FD-3CB4-AFC0-87CAAD62C90B}.MinSizeRel|x64.Build.0 = MinSizeRel|x64
		{38604CDD-84FD-3CB4-AFC0-87CAAD62C90B}.Release|x64.ActiveCfg = Release|x64
		{38604CDD-84FD-3CB4-AFC0-87CAAD62C90B}.Release|x64.Build.0 = Release|x64
		{38604CDD-84FD-3CB4-AFC0-87CAAD62C90B}.RelWithDebInfo|x64.ActiveCfg = RelWithDebInfo|x64
		{38604CDD-84FD-3CB4-AFC0-87CAAD62C90B}.RelWithDebInfo|x64.Build.0 = RelWithDebInfo|x64
		{C31AACCA-F33A-3997-8594-C27BF19C74FD}.Debug|x64.ActiveCfg = Debug|x64
		{C31AACCA-F33A-3997-8594-C27BF19C74FD}.Debug|x64.Build.0 = Debug|x64
		{C31AACCA-F33A-3997-8594-C27BF19C74FD}.MinSizeRel|x64.ActiveCfg = MinSizeRel|x64
		{C31AACCA-F33A-3997-8594-C27BF19C74FD}.MinSizeRel|x64.Build.0 = MinSizeRel|x64
		{C31AACCA-F33A-3997-8594-C27BF19C74FD}.Release|x64.ActiveCfg = Release|x64
		{C31AACCA-F33A-3997-8594-C27BF19C74FD}.Release|x64.Build.0 = Release|x64
		{C31AACCA-F33A-3997-8594-C27BF19C74FD}.RelWithDebInfo|x64.ActiveCfg = RelWithDebInfo|x64
		{C31AACCA-F33A-3997-8594-C27BF19C74FD}.RelWithDebInfo|x64.Build.0 = RelWithDebInfo|x64
		{AC6884AA-D4B7-3C7E-991C-579627E4633C}.Debug|x64.ActiveCfg = Debug|x64
		{AC6884AA-D4B7-3C7E-991C-579627E4633C}.Debug|x64.Build.0 = Debug|x64
		{AC6884AA-D4B7-3C7E-991C-579627E4633C}.MinSizeRel|x64.ActiveCfg = MinSizeRel|x64
		{AC6884AA-D4B7-3C7E-991C-579627E4633C}.MinSizeRel|x64.Build.0 = MinSizeRel|x64
		{AC6884AA-D4B7-3C7E-991C-579627E4633C}.Release|x64.ActiveCfg = Release|x64
		{AC6884AA-D4B7-3C7E-991C-579627E4633C}.Release|x64.Build.0 = Release|x64
		{AC6884AA-D4B7-3C7E-991C-579627E4633C}.RelWithDebInfo|x64.ActiveCfg = RelWithDebInfo|x64
		{AC6884AA-D4B7-3C7E-991C-579627E4633C}.RelWithDebInfo|x64.Build.0 = RelWithDebInfo|x64
		{E1D3EC2F-B635-3172-9D94-9DFF5D9A12B7}.Debug|x64.ActiveCfg = Debug|x64
		{E1D3EC2F-B635-3172-9D94-9DFF5D9A12B7}.Debug|x64.Build.0 = Debug|x64
		{E1D3EC2F-B635-3172-9D94-9DFF5D9A12B7}.MinSizeRel|x64.ActiveCfg = MinSizeRel|x64
		{E1D3EC2F-B635-3172-9D94-9DFF5D9A12B7}.MinSizeRel|x64.Build.0 = MinSizeRel|x64
		{E1D3EC2F-B635-3172-9D94-9DFF5D9A12B7}.Release|x64.ActiveCfg = Release|x64
		{E1D3EC2F-B635-3172-9D94-9DFF5D9A12B7}.Release|x64.Build.0 = Release|x64
		{E1D3EC2F-B635-3172-9D94-9DFF5D9A12B7}.RelWithDebInfo|x64.ActiveCfg = RelWithDebInfo|x64
		{E1D3EC2F-B635-3172-9D94-9DFF5D9A12B7}.RelWithDebInfo|x64.Build.0 = RelWithDebInfo|x64
		{B279BB7F-6048-3A12-81B5-3F030EDE52E8}.Debug|x64.ActiveCfg = Debug|x64
		{B279BB7F-6048-3A12-81B5-3F030EDE52E8}.Debug|x64.Build.0 = Debug|x64
		{B279BB7F-6048-3A12-81B5-3F030EDE52E8}.MinSizeRel|x64.ActiveCfg = MinSizeRel|x64
		{B279BB7F-6048-3A12-81B5-3F030EDE52E8}.MinSizeRel|x64.Build.0 = MinSizeRel|x64
		{B279BB7F-6048-3A12-81B5-3F030EDE52E8}.Release|x64.ActiveCfg = Release|x64
		{B279BB7F-6048-3A12-81B5-3F030EDE52E8}.Release|x64.Build.0 = Release|x64
		{B279BB7F-6048-3A12-81B5-3F030EDE52E8}.RelWithDebInfo|x64.ActiveCfg = RelWithDebInfo|x64
		{B279BB7F-6048-3A12-81B5-3F030EDE52E8}.RelWithDebInfo|x64.Build.0 = RelWithDebInfo|x64
		{B09D53E7-72E4-367E-A83C-A0C965627CC7}.Debug|x64.ActiveCfg = Debug|x64
		{B09D53E7-72E4-367E-A83C-A0C965627CC7}.MinSizeRel|x64.ActiveCfg = MinSizeRel|x64
		{B09D53E7-72E4-367E-A83C-A0C965627CC7}.Release|x64.ActiveCfg = Release|x64
		{B09D53E7-72E4-367E-A83C-A0C965627CC7}.RelWithDebInfo|x64.ActiveCfg = RelWithDebInfo|x64
		{F47DE85C-12DF-3045-82B4-E367E3044276}.Debug|x64.ActiveCfg = Debug|x64
		{F47DE85C-12DF-3045-82B4-E367E3044276}.MinSizeRel|x64.ActiveCfg = MinSizeRel|x64
		{F47DE85C-12DF-3045-82B4-E367E3044276}.Release|x64.ActiveCfg = Release|x64
		{F47DE85C-12DF-3045-82B4-E367E3044276}.RelWithDebInfo|x64.ActiveCfg = RelWithDebInfo|x64
	EndGlobalSection
	GlobalSection(SolutionProperties) = preSolution
		HideSolutionNode = FALSE
	EndGlobalSection
	GlobalSection(NestedProjects) = preSolution
		{0A53EED6-1C2B-3EE8-B2C0-F0A20E519E82} = {B3FEDF7F-7244-3FCD-BE34-29B775E612D0}
		{763BF515-E8F0-3163-B301-3F23A41D9954} = {B3FEDF7F-7244-3FCD-BE34-29B775E612D0}
		{38604CDD-84FD-3CB4-AFC0-87CAAD62C90B} = {B3FEDF7F-7244-3FCD-BE34-29B775E612D0}
		{C31AACCA-F33A-3997-8594-C27BF19C74FD} = {22A27F2E-1EE2-356A-9E11-76B61B85350C}
		{E1D3EC2F-B635-3172-9D94-9DFF5D9A12B7} = {22A27F2E-1EE2-356A-9E11-76B61B85350C}
		{B09D53E7-72E4-367E-A83C-A0C965627CC7} = {22A27F2E-1EE2-356A-9E11-76B61B85350C}
		{F47DE85C-12DF-3045-82B4-E367E3044276} = {22A27F2E-1EE2-356A-9E11-76B61B85350C}
	EndGlobalSection
	GlobalSection(ExtensibilityGlobals) = postSolution
		SolutionGuid = {2127BF21-A51D-3560-B53C-361422F2F0CA}
	EndGlobalSection
EndGlobal
